// !$*UTF8*$!
{
	archiveVersion = 1;
	classes = {
	};
	objectVersion = 56;
	objects = {

/* Begin PBXBuildFile section */
		6302AEF22ABF1A9000EA1D16 /* StatisticModel.swift in Sources */ = {isa = PBXBuildFile; fileRef = 6302AEF12ABF1A9000EA1D16 /* StatisticModel.swift */; };
		6302AEF82ABF1C6400EA1D16 /* StatisticView.swift in Sources */ = {isa = PBXBuildFile; fileRef = 6302AEF72ABF1C6400EA1D16 /* StatisticView.swift */; };
		6302AEFA2ABF206600EA1D16 /* HomeStatsView.swift in Sources */ = {isa = PBXBuildFile; fileRef = 6302AEF92ABF206600EA1D16 /* HomeStatsView.swift */; };
		6302AEFC2ABF248700EA1D16 /* MarketDataModel.swift in Sources */ = {isa = PBXBuildFile; fileRef = 6302AEFB2ABF248700EA1D16 /* MarketDataModel.swift */; };
		6302AEFE2ABF295900EA1D16 /* MarketDataService.swift in Sources */ = {isa = PBXBuildFile; fileRef = 6302AEFD2ABF295900EA1D16 /* MarketDataService.swift */; };
		630525E62AD1020100551C2E /* ContactUsView.swift in Sources */ = {isa = PBXBuildFile; fileRef = 630525E52AD1020100551C2E /* ContactUsView.swift */; };
		63115D712ABC03B800BDDDD8 /* SettingView.swift in Sources */ = {isa = PBXBuildFile; fileRef = 63115D702ABC03B800BDDDD8 /* SettingView.swift */; };
		63115D742ABC049500BDDDD8 /* CoinDataService.swift in Sources */ = {isa = PBXBuildFile; fileRef = 63115D732ABC049500BDDDD8 /* CoinDataService.swift */; };
		632794DA2ABDA8A6004DC3B3 /* LocalFileManager.swift in Sources */ = {isa = PBXBuildFile; fileRef = 632794D92ABDA8A6004DC3B3 /* LocalFileManager.swift */; };
		632794DC2ABDC1C9004DC3B3 /* SearchBarView.swift in Sources */ = {isa = PBXBuildFile; fileRef = 632794DB2ABDC1C9004DC3B3 /* SearchBarView.swift */; };
		632794DE2ABDC8AA004DC3B3 /* UIApplication.swift in Sources */ = {isa = PBXBuildFile; fileRef = 632794DD2ABDC8AA004DC3B3 /* UIApplication.swift */; };
		633615C82ACEDCD10007B9D9 /* Localizable.strings in Resources */ = {isa = PBXBuildFile; fileRef = 633615CA2ACEDCD10007B9D9 /* Localizable.strings */; };
		633C74282ABD2DEB00DBA8ED /* NetworkingManager.swift in Sources */ = {isa = PBXBuildFile; fileRef = 633C74272ABD2DEB00DBA8ED /* NetworkingManager.swift */; };
		633CDDB42ACC911300940540 /* String.swift in Sources */ = {isa = PBXBuildFile; fileRef = 633CDDB32ACC911300940540 /* String.swift */; };
		6354BF622AC1ACF000E4CA46 /* HapticManager.swift in Sources */ = {isa = PBXBuildFile; fileRef = 6354BF612AC1ACF000E4CA46 /* HapticManager.swift */; };
		63626F702AC97D34009C903E /* CoinDetailModel.swift in Sources */ = {isa = PBXBuildFile; fileRef = 63626F6F2AC97D34009C903E /* CoinDetailModel.swift */; };
		63626F722AC980F4009C903E /* DetailViewModel.swift in Sources */ = {isa = PBXBuildFile; fileRef = 63626F712AC980F4009C903E /* DetailViewModel.swift */; };
		63626F742AC98128009C903E /* CoinDetailDataService.swift in Sources */ = {isa = PBXBuildFile; fileRef = 63626F732AC98128009C903E /* CoinDetailDataService.swift */; };
		636967582ABAF4BE0093A16D /* CoinRowView.swift in Sources */ = {isa = PBXBuildFile; fileRef = 636967572ABAF4BE0093A16D /* CoinRowView.swift */; };
		6369675A2ABAF5510093A16D /* PreviewProvider.swift in Sources */ = {isa = PBXBuildFile; fileRef = 636967592ABAF5510093A16D /* PreviewProvider.swift */; };
		6369675E2ABAFE3B0093A16D /* Double.swift in Sources */ = {isa = PBXBuildFile; fileRef = 6369675D2ABAFE3B0093A16D /* Double.swift */; };
		636967602ABB0B300093A16D /* HomeViewModel.swift in Sources */ = {isa = PBXBuildFile; fileRef = 6369675F2ABB0B300093A16D /* HomeViewModel.swift */; };
		638062632ACDE48700870B12 /* RectKey.swift in Sources */ = {isa = PBXBuildFile; fileRef = 638062622ACDE48700870B12 /* RectKey.swift */; };
		638062652ACDF91900870B12 /* AppSettings.swift in Sources */ = {isa = PBXBuildFile; fileRef = 638062642ACDF91900870B12 /* AppSettings.swift */; };
		6383B8702ACD4C760019AC15 /* SystemThemeManager.swift in Sources */ = {isa = PBXBuildFile; fileRef = 6383B86F2ACD4C760019AC15 /* SystemThemeManager.swift */; };
		63C61D172AD067A4000F30BD /* LanguageManager.swift in Sources */ = {isa = PBXBuildFile; fileRef = 63C61D162AD067A4000F30BD /* LanguageManager.swift */; };
		63D6EB612AC65FB300F0F536 /* DetailView.swift in Sources */ = {isa = PBXBuildFile; fileRef = 63D6EB602AC65FB300F0F536 /* DetailView.swift */; };
		63D793512AD1303A00713184 /* LaunchScreen.storyboard in Resources */ = {isa = PBXBuildFile; fileRef = 63D793502AD1303A00713184 /* LaunchScreen.storyboard */; };
		63D793532AD1343500713184 /* LaunchView.swift in Sources */ = {isa = PBXBuildFile; fileRef = 63D793522AD1343500713184 /* LaunchView.swift */; };
		63DA75922ABFE672006A0742 /* PortfolioView.swift in Sources */ = {isa = PBXBuildFile; fileRef = 63DA75912ABFE672006A0742 /* PortfolioView.swift */; };
		63DA75942ABFEAAF006A0742 /* XMarButton.swift in Sources */ = {isa = PBXBuildFile; fileRef = 63DA75932ABFEAAF006A0742 /* XMarButton.swift */; };
		63DA75962AC04006006A0742 /* CoinLogoView.swift in Sources */ = {isa = PBXBuildFile; fileRef = 63DA75952AC04006006A0742 /* CoinLogoView.swift */; };
		63DB03EA2ABD548800AAD045 /* CoinImageView.swift in Sources */ = {isa = PBXBuildFile; fileRef = 63DB03E92ABD548800AAD045 /* CoinImageView.swift */; };
		63DB03EC2ABD581100AAD045 /* CoinImageService.swift in Sources */ = {isa = PBXBuildFile; fileRef = 63DB03EB2ABD581100AAD045 /* CoinImageService.swift */; };
		63DB03EE2ABD5ACC00AAD045 /* CoinImageViewModel.swift in Sources */ = {isa = PBXBuildFile; fileRef = 63DB03ED2ABD5ACC00AAD045 /* CoinImageViewModel.swift */; };
		63E14F822ACC7A060098A19C /* ChartView.swift in Sources */ = {isa = PBXBuildFile; fileRef = 63E14F812ACC7A060098A19C /* ChartView.swift */; };
		63E14F842ACC82160098A19C /* Date.swift in Sources */ = {isa = PBXBuildFile; fileRef = 63E14F832ACC82160098A19C /* Date.swift */; };
		63EC41C12AC16BF900FE319C /* PortfolioContainer.xcdatamodeld in Sources */ = {isa = PBXBuildFile; fileRef = 63EC41BF2AC16BF900FE319C /* PortfolioContainer.xcdatamodeld */; };
		63EC41C32AC16CE100FE319C /* PortfolioDataService.swift in Sources */ = {isa = PBXBuildFile; fileRef = 63EC41C22AC16CE100FE319C /* PortfolioDataService.swift */; };
		63EDCD7A2ABAC5FD007F0DDA /* SwiftfulCryptoApp.swift in Sources */ = {isa = PBXBuildFile; fileRef = 63EDCD792ABAC5FD007F0DDA /* SwiftfulCryptoApp.swift */; };
		63EDCD7C2ABAC5FD007F0DDA /* ContentView.swift in Sources */ = {isa = PBXBuildFile; fileRef = 63EDCD7B2ABAC5FD007F0DDA /* ContentView.swift */; };
		63EDCD812ABAC5FE007F0DDA /* Preview Assets.xcassets in Resources */ = {isa = PBXBuildFile; fileRef = 63EDCD802ABAC5FE007F0DDA /* Preview Assets.xcassets */; };
		63EDCD882ABAC740007F0DDA /* Assets.xcassets in Resources */ = {isa = PBXBuildFile; fileRef = 63EDCD872ABAC740007F0DDA /* Assets.xcassets */; };
		63EDCD8B2ABAC7AE007F0DDA /* Color.swift in Sources */ = {isa = PBXBuildFile; fileRef = 63EDCD8A2ABAC7AE007F0DDA /* Color.swift */; };
		63EDCD912ABACAEB007F0DDA /* HomeView.swift in Sources */ = {isa = PBXBuildFile; fileRef = 63EDCD902ABACAEB007F0DDA /* HomeView.swift */; };
		63EDCD952ABACCB4007F0DDA /* CircleButtonView.swift in Sources */ = {isa = PBXBuildFile; fileRef = 63EDCD942ABACCB4007F0DDA /* CircleButtonView.swift */; };
		63EDCD972ABAD87D007F0DDA /* CircleButtonAnimationView.swift in Sources */ = {isa = PBXBuildFile; fileRef = 63EDCD962ABAD87D007F0DDA /* CircleButtonAnimationView.swift */; };
		63EDCD9A2ABADCE0007F0DDA /* CoinModel.swift in Sources */ = {isa = PBXBuildFile; fileRef = 63EDCD992ABADCE0007F0DDA /* CoinModel.swift */; };
		63F331752ADF052B00A31132 /* GoogleService-Info.plist in Resources */ = {isa = PBXBuildFile; fileRef = 63F331742ADF052B00A31132 /* GoogleService-Info.plist */; };
		63F331782ADF05FF00A31132 /* FirebaseAnalytics in Frameworks */ = {isa = PBXBuildFile; productRef = 63F331772ADF05FF00A31132 /* FirebaseAnalytics */; };
		63F3317A2ADF05FF00A31132 /* FirebaseAnalyticsOnDeviceConversion in Frameworks */ = {isa = PBXBuildFile; productRef = 63F331792ADF05FF00A31132 /* FirebaseAnalyticsOnDeviceConversion */; };
		63F3317C2ADF05FF00A31132 /* FirebaseAnalyticsSwift in Frameworks */ = {isa = PBXBuildFile; productRef = 63F3317B2ADF05FF00A31132 /* FirebaseAnalyticsSwift */; };
		63F3317E2ADF05FF00A31132 /* FirebaseAnalyticsWithoutAdIdSupport in Frameworks */ = {isa = PBXBuildFile; productRef = 63F3317D2ADF05FF00A31132 /* FirebaseAnalyticsWithoutAdIdSupport */; };
		63F331802ADF05FF00A31132 /* FirebaseAppCheck in Frameworks */ = {isa = PBXBuildFile; productRef = 63F3317F2ADF05FF00A31132 /* FirebaseAppCheck */; };
		63F331822ADF05FF00A31132 /* FirebaseAppDistribution-Beta in Frameworks */ = {isa = PBXBuildFile; productRef = 63F331812ADF05FF00A31132 /* FirebaseAppDistribution-Beta */; };
		63F331842ADF05FF00A31132 /* FirebaseAuth in Frameworks */ = {isa = PBXBuildFile; productRef = 63F331832ADF05FF00A31132 /* FirebaseAuth */; };
		63F331862ADF05FF00A31132 /* FirebaseAuthCombine-Community in Frameworks */ = {isa = PBXBuildFile; productRef = 63F331852ADF05FF00A31132 /* FirebaseAuthCombine-Community */; };
		63F331882ADF05FF00A31132 /* FirebaseCrashlytics in Frameworks */ = {isa = PBXBuildFile; productRef = 63F331872ADF05FF00A31132 /* FirebaseCrashlytics */; };
		63F3318A2ADF05FF00A31132 /* FirebaseDatabase in Frameworks */ = {isa = PBXBuildFile; productRef = 63F331892ADF05FF00A31132 /* FirebaseDatabase */; };
		63F3318C2ADF05FF00A31132 /* FirebaseDatabaseSwift in Frameworks */ = {isa = PBXBuildFile; productRef = 63F3318B2ADF05FF00A31132 /* FirebaseDatabaseSwift */; };
		63F3318E2ADF05FF00A31132 /* FirebaseDynamicLinks in Frameworks */ = {isa = PBXBuildFile; productRef = 63F3318D2ADF05FF00A31132 /* FirebaseDynamicLinks */; };
		63F331902ADF05FF00A31132 /* FirebaseFirestore in Frameworks */ = {isa = PBXBuildFile; productRef = 63F3318F2ADF05FF00A31132 /* FirebaseFirestore */; };
		63F331922ADF05FF00A31132 /* FirebaseFirestoreCombine-Community in Frameworks */ = {isa = PBXBuildFile; productRef = 63F331912ADF05FF00A31132 /* FirebaseFirestoreCombine-Community */; };
		63F331942ADF05FF00A31132 /* FirebaseFirestoreSwift in Frameworks */ = {isa = PBXBuildFile; productRef = 63F331932ADF05FF00A31132 /* FirebaseFirestoreSwift */; };
		63F331962ADF05FF00A31132 /* FirebaseFunctions in Frameworks */ = {isa = PBXBuildFile; productRef = 63F331952ADF05FF00A31132 /* FirebaseFunctions */; };
		63F331982ADF05FF00A31132 /* FirebaseFunctionsCombine-Community in Frameworks */ = {isa = PBXBuildFile; productRef = 63F331972ADF05FF00A31132 /* FirebaseFunctionsCombine-Community */; };
		63F3319A2ADF05FF00A31132 /* FirebaseInAppMessaging-Beta in Frameworks */ = {isa = PBXBuildFile; productRef = 63F331992ADF05FF00A31132 /* FirebaseInAppMessaging-Beta */; };
		63F3319C2ADF05FF00A31132 /* FirebaseInAppMessagingSwift-Beta in Frameworks */ = {isa = PBXBuildFile; productRef = 63F3319B2ADF05FF00A31132 /* FirebaseInAppMessagingSwift-Beta */; };
		63F3319E2ADF05FF00A31132 /* FirebaseInstallations in Frameworks */ = {isa = PBXBuildFile; productRef = 63F3319D2ADF05FF00A31132 /* FirebaseInstallations */; };
		63F331A02ADF05FF00A31132 /* FirebaseMLModelDownloader in Frameworks */ = {isa = PBXBuildFile; productRef = 63F3319F2ADF05FF00A31132 /* FirebaseMLModelDownloader */; };
		63F331A22ADF05FF00A31132 /* FirebaseMessaging in Frameworks */ = {isa = PBXBuildFile; productRef = 63F331A12ADF05FF00A31132 /* FirebaseMessaging */; };
		63F331A42ADF05FF00A31132 /* FirebasePerformance in Frameworks */ = {isa = PBXBuildFile; productRef = 63F331A32ADF05FF00A31132 /* FirebasePerformance */; };
		63F331A62ADF05FF00A31132 /* FirebaseRemoteConfig in Frameworks */ = {isa = PBXBuildFile; productRef = 63F331A52ADF05FF00A31132 /* FirebaseRemoteConfig */; };
		63F331A82ADF05FF00A31132 /* FirebaseRemoteConfigSwift in Frameworks */ = {isa = PBXBuildFile; productRef = 63F331A72ADF05FF00A31132 /* FirebaseRemoteConfigSwift */; };
		63F331AA2ADF05FF00A31132 /* FirebaseStorage in Frameworks */ = {isa = PBXBuildFile; productRef = 63F331A92ADF05FF00A31132 /* FirebaseStorage */; };
		63F331AC2ADF05FF00A31132 /* FirebaseStorageCombine-Community in Frameworks */ = {isa = PBXBuildFile; productRef = 63F331AB2ADF05FF00A31132 /* FirebaseStorageCombine-Community */; };
/* End PBXBuildFile section */

/* Begin PBXFileReference section */
		6302AEF12ABF1A9000EA1D16 /* StatisticModel.swift */ = {isa = PBXFileReference; lastKnownFileType = sourcecode.swift; path = StatisticModel.swift; sourceTree = "<group>"; };
		6302AEF72ABF1C6400EA1D16 /* StatisticView.swift */ = {isa = PBXFileReference; lastKnownFileType = sourcecode.swift; path = StatisticView.swift; sourceTree = "<group>"; };
		6302AEF92ABF206600EA1D16 /* HomeStatsView.swift */ = {isa = PBXFileReference; lastKnownFileType = sourcecode.swift; path = HomeStatsView.swift; sourceTree = "<group>"; };
		6302AEFB2ABF248700EA1D16 /* MarketDataModel.swift */ = {isa = PBXFileReference; lastKnownFileType = sourcecode.swift; path = MarketDataModel.swift; sourceTree = "<group>"; };
		6302AEFD2ABF295900EA1D16 /* MarketDataService.swift */ = {isa = PBXFileReference; lastKnownFileType = sourcecode.swift; path = MarketDataService.swift; sourceTree = "<group>"; };
		630525E52AD1020100551C2E /* ContactUsView.swift */ = {isa = PBXFileReference; lastKnownFileType = sourcecode.swift; path = ContactUsView.swift; sourceTree = "<group>"; };
		63115D702ABC03B800BDDDD8 /* SettingView.swift */ = {isa = PBXFileReference; lastKnownFileType = sourcecode.swift; path = SettingView.swift; sourceTree = "<group>"; };
		63115D732ABC049500BDDDD8 /* CoinDataService.swift */ = {isa = PBXFileReference; lastKnownFileType = sourcecode.swift; path = CoinDataService.swift; sourceTree = "<group>"; };
		632794D92ABDA8A6004DC3B3 /* LocalFileManager.swift */ = {isa = PBXFileReference; lastKnownFileType = sourcecode.swift; path = LocalFileManager.swift; sourceTree = "<group>"; };
		632794DB2ABDC1C9004DC3B3 /* SearchBarView.swift */ = {isa = PBXFileReference; lastKnownFileType = sourcecode.swift; path = SearchBarView.swift; sourceTree = "<group>"; };
		632794DD2ABDC8AA004DC3B3 /* UIApplication.swift */ = {isa = PBXFileReference; lastKnownFileType = sourcecode.swift; path = UIApplication.swift; sourceTree = "<group>"; };
		633615C92ACEDCD10007B9D9 /* en */ = {isa = PBXFileReference; lastKnownFileType = text.plist.strings; name = en; path = en.lproj/Localizable.strings; sourceTree = "<group>"; };
		633615CB2ACEE0460007B9D9 /* vi */ = {isa = PBXFileReference; lastKnownFileType = text.plist.strings; name = vi; path = vi.lproj/Localizable.strings; sourceTree = "<group>"; };
		633C74272ABD2DEB00DBA8ED /* NetworkingManager.swift */ = {isa = PBXFileReference; lastKnownFileType = sourcecode.swift; path = NetworkingManager.swift; sourceTree = "<group>"; };
		633CDDB32ACC911300940540 /* String.swift */ = {isa = PBXFileReference; lastKnownFileType = sourcecode.swift; path = String.swift; sourceTree = "<group>"; };
		6354BF612AC1ACF000E4CA46 /* HapticManager.swift */ = {isa = PBXFileReference; lastKnownFileType = sourcecode.swift; path = HapticManager.swift; sourceTree = "<group>"; };
		63626F6F2AC97D34009C903E /* CoinDetailModel.swift */ = {isa = PBXFileReference; lastKnownFileType = sourcecode.swift; path = CoinDetailModel.swift; sourceTree = "<group>"; };
		63626F712AC980F4009C903E /* DetailViewModel.swift */ = {isa = PBXFileReference; lastKnownFileType = sourcecode.swift; path = DetailViewModel.swift; sourceTree = "<group>"; };
		63626F732AC98128009C903E /* CoinDetailDataService.swift */ = {isa = PBXFileReference; lastKnownFileType = sourcecode.swift; path = CoinDetailDataService.swift; sourceTree = "<group>"; };
		636967572ABAF4BE0093A16D /* CoinRowView.swift */ = {isa = PBXFileReference; lastKnownFileType = sourcecode.swift; path = CoinRowView.swift; sourceTree = "<group>"; };
		636967592ABAF5510093A16D /* PreviewProvider.swift */ = {isa = PBXFileReference; lastKnownFileType = sourcecode.swift; path = PreviewProvider.swift; sourceTree = "<group>"; };
		6369675D2ABAFE3B0093A16D /* Double.swift */ = {isa = PBXFileReference; lastKnownFileType = sourcecode.swift; path = Double.swift; sourceTree = "<group>"; };
		6369675F2ABB0B300093A16D /* HomeViewModel.swift */ = {isa = PBXFileReference; lastKnownFileType = sourcecode.swift; path = HomeViewModel.swift; sourceTree = "<group>"; };
		638062622ACDE48700870B12 /* RectKey.swift */ = {isa = PBXFileReference; lastKnownFileType = sourcecode.swift; path = RectKey.swift; sourceTree = "<group>"; };
		638062642ACDF91900870B12 /* AppSettings.swift */ = {isa = PBXFileReference; lastKnownFileType = sourcecode.swift; path = AppSettings.swift; sourceTree = "<group>"; };
		6383B86F2ACD4C760019AC15 /* SystemThemeManager.swift */ = {isa = PBXFileReference; lastKnownFileType = sourcecode.swift; path = SystemThemeManager.swift; sourceTree = "<group>"; };
		63C61D162AD067A4000F30BD /* LanguageManager.swift */ = {isa = PBXFileReference; lastKnownFileType = sourcecode.swift; path = LanguageManager.swift; sourceTree = "<group>"; };
		63D6EB602AC65FB300F0F536 /* DetailView.swift */ = {isa = PBXFileReference; lastKnownFileType = sourcecode.swift; path = DetailView.swift; sourceTree = "<group>"; };
		63D793502AD1303A00713184 /* LaunchScreen.storyboard */ = {isa = PBXFileReference; lastKnownFileType = file.storyboard; path = LaunchScreen.storyboard; sourceTree = "<group>"; };
		63D793522AD1343500713184 /* LaunchView.swift */ = {isa = PBXFileReference; lastKnownFileType = sourcecode.swift; path = LaunchView.swift; sourceTree = "<group>"; };
		63DA75912ABFE672006A0742 /* PortfolioView.swift */ = {isa = PBXFileReference; lastKnownFileType = sourcecode.swift; path = PortfolioView.swift; sourceTree = "<group>"; };
		63DA75932ABFEAAF006A0742 /* XMarButton.swift */ = {isa = PBXFileReference; lastKnownFileType = sourcecode.swift; path = XMarButton.swift; sourceTree = "<group>"; };
		63DA75952AC04006006A0742 /* CoinLogoView.swift */ = {isa = PBXFileReference; lastKnownFileType = sourcecode.swift; path = CoinLogoView.swift; sourceTree = "<group>"; };
		63DB03E92ABD548800AAD045 /* CoinImageView.swift */ = {isa = PBXFileReference; lastKnownFileType = sourcecode.swift; path = CoinImageView.swift; sourceTree = "<group>"; };
		63DB03EB2ABD581100AAD045 /* CoinImageService.swift */ = {isa = PBXFileReference; lastKnownFileType = sourcecode.swift; path = CoinImageService.swift; sourceTree = "<group>"; };
		63DB03ED2ABD5ACC00AAD045 /* CoinImageViewModel.swift */ = {isa = PBXFileReference; lastKnownFileType = sourcecode.swift; path = CoinImageViewModel.swift; sourceTree = "<group>"; };
		63E14F812ACC7A060098A19C /* ChartView.swift */ = {isa = PBXFileReference; lastKnownFileType = sourcecode.swift; path = ChartView.swift; sourceTree = "<group>"; };
		63E14F832ACC82160098A19C /* Date.swift */ = {isa = PBXFileReference; lastKnownFileType = sourcecode.swift; path = Date.swift; sourceTree = "<group>"; };
		63EC41C02AC16BF900FE319C /* PortfolioContainer.xcdatamodel */ = {isa = PBXFileReference; lastKnownFileType = wrapper.xcdatamodel; path = PortfolioContainer.xcdatamodel; sourceTree = "<group>"; };
		63EC41C22AC16CE100FE319C /* PortfolioDataService.swift */ = {isa = PBXFileReference; lastKnownFileType = sourcecode.swift; path = PortfolioDataService.swift; sourceTree = "<group>"; };
		63EDCD762ABAC5FD007F0DDA /* SwiftfulCrypto.app */ = {isa = PBXFileReference; explicitFileType = wrapper.application; includeInIndex = 0; path = SwiftfulCrypto.app; sourceTree = BUILT_PRODUCTS_DIR; };
		63EDCD792ABAC5FD007F0DDA /* SwiftfulCryptoApp.swift */ = {isa = PBXFileReference; lastKnownFileType = sourcecode.swift; path = SwiftfulCryptoApp.swift; sourceTree = "<group>"; };
		63EDCD7B2ABAC5FD007F0DDA /* ContentView.swift */ = {isa = PBXFileReference; lastKnownFileType = sourcecode.swift; path = ContentView.swift; sourceTree = "<group>"; };
		63EDCD802ABAC5FE007F0DDA /* Preview Assets.xcassets */ = {isa = PBXFileReference; lastKnownFileType = folder.assetcatalog; path = "Preview Assets.xcassets"; sourceTree = "<group>"; };
		63EDCD872ABAC740007F0DDA /* Assets.xcassets */ = {isa = PBXFileReference; lastKnownFileType = folder.assetcatalog; name = Assets.xcassets; path = ../../Resources/Assets.xcassets; sourceTree = "<group>"; };
		63EDCD8A2ABAC7AE007F0DDA /* Color.swift */ = {isa = PBXFileReference; lastKnownFileType = sourcecode.swift; path = Color.swift; sourceTree = "<group>"; };
		63EDCD902ABACAEB007F0DDA /* HomeView.swift */ = {isa = PBXFileReference; lastKnownFileType = sourcecode.swift; path = HomeView.swift; sourceTree = "<group>"; };
		63EDCD942ABACCB4007F0DDA /* CircleButtonView.swift */ = {isa = PBXFileReference; lastKnownFileType = sourcecode.swift; path = CircleButtonView.swift; sourceTree = "<group>"; };
		63EDCD962ABAD87D007F0DDA /* CircleButtonAnimationView.swift */ = {isa = PBXFileReference; lastKnownFileType = sourcecode.swift; path = CircleButtonAnimationView.swift; sourceTree = "<group>"; };
		63EDCD992ABADCE0007F0DDA /* CoinModel.swift */ = {isa = PBXFileReference; lastKnownFileType = sourcecode.swift; path = CoinModel.swift; sourceTree = "<group>"; };
		63F331742ADF052B00A31132 /* GoogleService-Info.plist */ = {isa = PBXFileReference; fileEncoding = 4; lastKnownFileType = text.plist.xml; name = "GoogleService-Info.plist"; path = "../../Resources/GoogleService-Info.plist"; sourceTree = "<group>"; };
/* End PBXFileReference section */

/* Begin PBXFrameworksBuildPhase section */
		63EDCD732ABAC5FD007F0DDA /* Frameworks */ = {
			isa = PBXFrameworksBuildPhase;
			buildActionMask = 2147483647;
			files = (
				63F3318A2ADF05FF00A31132 /* FirebaseDatabase in Frameworks */,
				63F331982ADF05FF00A31132 /* FirebaseFunctionsCombine-Community in Frameworks */,
				63F331902ADF05FF00A31132 /* FirebaseFirestore in Frameworks */,
				63F3317C2ADF05FF00A31132 /* FirebaseAnalyticsSwift in Frameworks */,
				63F331782ADF05FF00A31132 /* FirebaseAnalytics in Frameworks */,
				63F3317A2ADF05FF00A31132 /* FirebaseAnalyticsOnDeviceConversion in Frameworks */,
				63F331A02ADF05FF00A31132 /* FirebaseMLModelDownloader in Frameworks */,
				63F331942ADF05FF00A31132 /* FirebaseFirestoreSwift in Frameworks */,
				63F331802ADF05FF00A31132 /* FirebaseAppCheck in Frameworks */,
				63F3317E2ADF05FF00A31132 /* FirebaseAnalyticsWithoutAdIdSupport in Frameworks */,
				63F331842ADF05FF00A31132 /* FirebaseAuth in Frameworks */,
				63F331882ADF05FF00A31132 /* FirebaseCrashlytics in Frameworks */,
				63F331A82ADF05FF00A31132 /* FirebaseRemoteConfigSwift in Frameworks */,
				63F3319A2ADF05FF00A31132 /* FirebaseInAppMessaging-Beta in Frameworks */,
				63F3318C2ADF05FF00A31132 /* FirebaseDatabaseSwift in Frameworks */,
				63F331962ADF05FF00A31132 /* FirebaseFunctions in Frameworks */,
				63F331AC2ADF05FF00A31132 /* FirebaseStorageCombine-Community in Frameworks */,
				63F331A62ADF05FF00A31132 /* FirebaseRemoteConfig in Frameworks */,
				63F331822ADF05FF00A31132 /* FirebaseAppDistribution-Beta in Frameworks */,
				63F331862ADF05FF00A31132 /* FirebaseAuthCombine-Community in Frameworks */,
				63F331A42ADF05FF00A31132 /* FirebasePerformance in Frameworks */,
				63F3319C2ADF05FF00A31132 /* FirebaseInAppMessagingSwift-Beta in Frameworks */,
				63F331AA2ADF05FF00A31132 /* FirebaseStorage in Frameworks */,
				63F3318E2ADF05FF00A31132 /* FirebaseDynamicLinks in Frameworks */,
				63F331922ADF05FF00A31132 /* FirebaseFirestoreCombine-Community in Frameworks */,
				63F331A22ADF05FF00A31132 /* FirebaseMessaging in Frameworks */,
				63F3319E2ADF05FF00A31132 /* FirebaseInstallations in Frameworks */,
			);
			runOnlyForDeploymentPostprocessing = 0;
		};
/* End PBXFrameworksBuildPhase section */

/* Begin PBXGroup section */
		63115D722ABC045200BDDDD8 /* Services */ = {
			isa = PBXGroup;
			children = (
				63115D732ABC049500BDDDD8 /* CoinDataService.swift */,
				63626F732AC98128009C903E /* CoinDetailDataService.swift */,
				63DB03EB2ABD581100AAD045 /* CoinImageService.swift */,
				6302AEFD2ABF295900EA1D16 /* MarketDataService.swift */,
				63EC41C22AC16CE100FE319C /* PortfolioDataService.swift */,
			);
			path = Services;
			sourceTree = "<group>";
		};
		633C74262ABD2DA500DBA8ED /* Utilities */ = {
			isa = PBXGroup;
			children = (
				633C74272ABD2DEB00DBA8ED /* NetworkingManager.swift */,
				632794D92ABDA8A6004DC3B3 /* LocalFileManager.swift */,
				6354BF612AC1ACF000E4CA46 /* HapticManager.swift */,
			);
			path = Utilities;
			sourceTree = "<group>";
		};
		63687A932ABB36A100278FC8 /* Settings */ = {
			isa = PBXGroup;
			children = (
				63C61D152AD06780000F30BD /* ViewModels */,
				6383B86E2ACD349A0019AC15 /* Views */,
			);
			path = Settings;
			sourceTree = "<group>";
		};
		6383B86E2ACD349A0019AC15 /* Views */ = {
			isa = PBXGroup;
			children = (
				63115D702ABC03B800BDDDD8 /* SettingView.swift */,
				630525E52AD1020100551C2E /* ContactUsView.swift */,
			);
			path = Views;
			sourceTree = "<group>";
		};
		63C61D152AD06780000F30BD /* ViewModels */ = {
			isa = PBXGroup;
			children = (
				638062642ACDF91900870B12 /* AppSettings.swift */,
				63C61D162AD067A4000F30BD /* LanguageManager.swift */,
			);
			path = ViewModels;
			sourceTree = "<group>";
		};
		63D6EB5D2AC65F6A00F0F536 /* Detail */ = {
			isa = PBXGroup;
			children = (
				63D6EB5F2AC65F9700F0F536 /* ViewModels */,
				63D6EB5E2AC65F8900F0F536 /* Views */,
			);
			path = Detail;
			sourceTree = "<group>";
		};
		63D6EB5E2AC65F8900F0F536 /* Views */ = {
			isa = PBXGroup;
			children = (
				63D6EB602AC65FB300F0F536 /* DetailView.swift */,
				63E14F812ACC7A060098A19C /* ChartView.swift */,
			);
			path = Views;
			sourceTree = "<group>";
		};
		63D6EB5F2AC65F9700F0F536 /* ViewModels */ = {
			isa = PBXGroup;
			children = (
				63626F712AC980F4009C903E /* DetailViewModel.swift */,
			);
			path = ViewModels;
			sourceTree = "<group>";
		};
		63D7934E2AD1300900713184 /* Launch */ = {
			isa = PBXGroup;
			children = (
				63D7934F2AD1302B00713184 /* Views */,
			);
			path = Launch;
			sourceTree = "<group>";
		};
		63D7934F2AD1302B00713184 /* Views */ = {
			isa = PBXGroup;
			children = (
				63D793502AD1303A00713184 /* LaunchScreen.storyboard */,
				63D793522AD1343500713184 /* LaunchView.swift */,
			);
			path = Views;
			sourceTree = "<group>";
		};
		63DB03E82ABD545300AAD045 /* CoinImage */ = {
			isa = PBXGroup;
			children = (
				63DB03E92ABD548800AAD045 /* CoinImageView.swift */,
				63DB03ED2ABD5ACC00AAD045 /* CoinImageViewModel.swift */,
				63DA75952AC04006006A0742 /* CoinLogoView.swift */,
			);
			path = CoinImage;
			sourceTree = "<group>";
		};
		63EDCD6D2ABAC5FD007F0DDA = {
			isa = PBXGroup;
			children = (
				63EDCD782ABAC5FD007F0DDA /* SwiftfulCrypto */,
				63EDCD772ABAC5FD007F0DDA /* Products */,
			);
			sourceTree = "<group>";
		};
		63EDCD772ABAC5FD007F0DDA /* Products */ = {
			isa = PBXGroup;
			children = (
				63EDCD762ABAC5FD007F0DDA /* SwiftfulCrypto.app */,
			);
			name = Products;
			sourceTree = "<group>";
		};
		63EDCD782ABAC5FD007F0DDA /* SwiftfulCrypto */ = {
			isa = PBXGroup;
			children = (
				633615CA2ACEDCD10007B9D9 /* Localizable.strings */,
				633C74262ABD2DA500DBA8ED /* Utilities */,
				63EDCD892ABAC7A1007F0DDA /* Extensions */,
				63115D722ABC045200BDDDD8 /* Services */,
				63EDCD982ABADCB0007F0DDA /* Models */,
				63EDCD8C2ABACAA2007F0DDA /* Core */,
				63EDCD792ABAC5FD007F0DDA /* SwiftfulCryptoApp.swift */,
				63EDCD7B2ABAC5FD007F0DDA /* ContentView.swift */,
				63EDCD872ABAC740007F0DDA /* Assets.xcassets */,
				63F331742ADF052B00A31132 /* GoogleService-Info.plist */,
				63EDCD7F2ABAC5FE007F0DDA /* Preview Content */,
			);
			path = SwiftfulCrypto;
			sourceTree = "<group>";
		};
		63EDCD7F2ABAC5FE007F0DDA /* Preview Content */ = {
			isa = PBXGroup;
			children = (
				63EDCD802ABAC5FE007F0DDA /* Preview Assets.xcassets */,
			);
			path = "Preview Content";
			sourceTree = "<group>";
		};
		63EDCD892ABAC7A1007F0DDA /* Extensions */ = {
			isa = PBXGroup;
			children = (
				63EDCD8A2ABAC7AE007F0DDA /* Color.swift */,
				636967592ABAF5510093A16D /* PreviewProvider.swift */,
				6369675D2ABAFE3B0093A16D /* Double.swift */,
				632794DD2ABDC8AA004DC3B3 /* UIApplication.swift */,
				63E14F832ACC82160098A19C /* Date.swift */,
				633CDDB32ACC911300940540 /* String.swift */,
				6383B86F2ACD4C760019AC15 /* SystemThemeManager.swift */,
				638062622ACDE48700870B12 /* RectKey.swift */,
			);
			path = Extensions;
			sourceTree = "<group>";
		};
		63EDCD8C2ABACAA2007F0DDA /* Core */ = {
			isa = PBXGroup;
			children = (
				63EDCD922ABACC7D007F0DDA /* Components */,
				63D7934E2AD1300900713184 /* Launch */,
				63EDCD8D2ABACAB7007F0DDA /* Home */,
				63D6EB5D2AC65F6A00F0F536 /* Detail */,
				63687A932ABB36A100278FC8 /* Settings */,
			);
			path = Core;
			sourceTree = "<group>";
		};
		63EDCD8D2ABACAB7007F0DDA /* Home */ = {
			isa = PBXGroup;
			children = (
				63EDCD8F2ABACACB007F0DDA /* ViewModels */,
				63EDCD8E2ABACAC4007F0DDA /* Views */,
			);
			path = Home;
			sourceTree = "<group>";
		};
		63EDCD8E2ABACAC4007F0DDA /* Views */ = {
			isa = PBXGroup;
			children = (
				63EDCD902ABACAEB007F0DDA /* HomeView.swift */,
				636967572ABAF4BE0093A16D /* CoinRowView.swift */,
				6302AEF92ABF206600EA1D16 /* HomeStatsView.swift */,
				63DA75912ABFE672006A0742 /* PortfolioView.swift */,
			);
			path = Views;
			sourceTree = "<group>";
		};
		63EDCD8F2ABACACB007F0DDA /* ViewModels */ = {
			isa = PBXGroup;
			children = (
				6369675F2ABB0B300093A16D /* HomeViewModel.swift */,
			);
			path = ViewModels;
			sourceTree = "<group>";
		};
		63EDCD922ABACC7D007F0DDA /* Components */ = {
			isa = PBXGroup;
			children = (
				63DB03E82ABD545300AAD045 /* CoinImage */,
				63EDCD932ABACC9C007F0DDA /* CircleButton */,
				632794DB2ABDC1C9004DC3B3 /* SearchBarView.swift */,
				6302AEF72ABF1C6400EA1D16 /* StatisticView.swift */,
				63DA75932ABFEAAF006A0742 /* XMarButton.swift */,
			);
			path = Components;
			sourceTree = "<group>";
		};
		63EDCD932ABACC9C007F0DDA /* CircleButton */ = {
			isa = PBXGroup;
			children = (
				63EDCD942ABACCB4007F0DDA /* CircleButtonView.swift */,
				63EDCD962ABAD87D007F0DDA /* CircleButtonAnimationView.swift */,
			);
			path = CircleButton;
			sourceTree = "<group>";
		};
		63EDCD982ABADCB0007F0DDA /* Models */ = {
			isa = PBXGroup;
			children = (
				63EDCD992ABADCE0007F0DDA /* CoinModel.swift */,
				63626F6F2AC97D34009C903E /* CoinDetailModel.swift */,
				6302AEF12ABF1A9000EA1D16 /* StatisticModel.swift */,
				6302AEFB2ABF248700EA1D16 /* MarketDataModel.swift */,
				63EC41BF2AC16BF900FE319C /* PortfolioContainer.xcdatamodeld */,
			);
			path = Models;
			sourceTree = "<group>";
		};
/* End PBXGroup section */

/* Begin PBXNativeTarget section */
		63EDCD752ABAC5FD007F0DDA /* SwiftfulCrypto */ = {
			isa = PBXNativeTarget;
			buildConfigurationList = 63EDCD842ABAC5FE007F0DDA /* Build configuration list for PBXNativeTarget "SwiftfulCrypto" */;
			buildPhases = (
				63EDCD722ABAC5FD007F0DDA /* Sources */,
				63EDCD732ABAC5FD007F0DDA /* Frameworks */,
				63EDCD742ABAC5FD007F0DDA /* Resources */,
			);
			buildRules = (
			);
			dependencies = (
			);
			name = SwiftfulCrypto;
			packageProductDependencies = (
				63F331772ADF05FF00A31132 /* FirebaseAnalytics */,
				63F331792ADF05FF00A31132 /* FirebaseAnalyticsOnDeviceConversion */,
				63F3317B2ADF05FF00A31132 /* FirebaseAnalyticsSwift */,
				63F3317D2ADF05FF00A31132 /* FirebaseAnalyticsWithoutAdIdSupport */,
				63F3317F2ADF05FF00A31132 /* FirebaseAppCheck */,
				63F331812ADF05FF00A31132 /* FirebaseAppDistribution-Beta */,
				63F331832ADF05FF00A31132 /* FirebaseAuth */,
				63F331852ADF05FF00A31132 /* FirebaseAuthCombine-Community */,
				63F331872ADF05FF00A31132 /* FirebaseCrashlytics */,
				63F331892ADF05FF00A31132 /* FirebaseDatabase */,
				63F3318B2ADF05FF00A31132 /* FirebaseDatabaseSwift */,
				63F3318D2ADF05FF00A31132 /* FirebaseDynamicLinks */,
				63F3318F2ADF05FF00A31132 /* FirebaseFirestore */,
				63F331912ADF05FF00A31132 /* FirebaseFirestoreCombine-Community */,
				63F331932ADF05FF00A31132 /* FirebaseFirestoreSwift */,
				63F331952ADF05FF00A31132 /* FirebaseFunctions */,
				63F331972ADF05FF00A31132 /* FirebaseFunctionsCombine-Community */,
				63F331992ADF05FF00A31132 /* FirebaseInAppMessaging-Beta */,
				63F3319B2ADF05FF00A31132 /* FirebaseInAppMessagingSwift-Beta */,
				63F3319D2ADF05FF00A31132 /* FirebaseInstallations */,
				63F3319F2ADF05FF00A31132 /* FirebaseMLModelDownloader */,
				63F331A12ADF05FF00A31132 /* FirebaseMessaging */,
				63F331A32ADF05FF00A31132 /* FirebasePerformance */,
				63F331A52ADF05FF00A31132 /* FirebaseRemoteConfig */,
				63F331A72ADF05FF00A31132 /* FirebaseRemoteConfigSwift */,
				63F331A92ADF05FF00A31132 /* FirebaseStorage */,
				63F331AB2ADF05FF00A31132 /* FirebaseStorageCombine-Community */,
			);
			productName = SwiftfulCrypto;
			productReference = 63EDCD762ABAC5FD007F0DDA /* SwiftfulCrypto.app */;
			productType = "com.apple.product-type.application";
		};
/* End PBXNativeTarget section */

/* Begin PBXProject section */
		63EDCD6E2ABAC5FD007F0DDA /* Project object */ = {
			isa = PBXProject;
			attributes = {
				BuildIndependentTargetsInParallel = 1;
				LastSwiftUpdateCheck = 1500;
				LastUpgradeCheck = 1500;
				TargetAttributes = {
					63EDCD752ABAC5FD007F0DDA = {
						CreatedOnToolsVersion = 15.0;
					};
				};
			};
			buildConfigurationList = 63EDCD712ABAC5FD007F0DDA /* Build configuration list for PBXProject "SwiftfulCrypto" */;
			compatibilityVersion = "Xcode 14.0";
			developmentRegion = en;
			hasScannedForEncodings = 0;
			knownRegions = (
				en,
				Base,
				vi,
			);
			mainGroup = 63EDCD6D2ABAC5FD007F0DDA;
			packageReferences = (
				63F331762ADF05FF00A31132 /* XCRemoteSwiftPackageReference "firebase-ios-sdk" */,
			);
			productRefGroup = 63EDCD772ABAC5FD007F0DDA /* Products */;
			projectDirPath = "";
			projectRoot = "";
			targets = (
				63EDCD752ABAC5FD007F0DDA /* SwiftfulCrypto */,
			);
		};
/* End PBXProject section */

/* Begin PBXResourcesBuildPhase section */
		63EDCD742ABAC5FD007F0DDA /* Resources */ = {
			isa = PBXResourcesBuildPhase;
			buildActionMask = 2147483647;
			files = (
				63EDCD812ABAC5FE007F0DDA /* Preview Assets.xcassets in Resources */,
				63D793512AD1303A00713184 /* LaunchScreen.storyboard in Resources */,
				63F331752ADF052B00A31132 /* GoogleService-Info.plist in Resources */,
				633615C82ACEDCD10007B9D9 /* Localizable.strings in Resources */,
				63EDCD882ABAC740007F0DDA /* Assets.xcassets in Resources */,
			);
			runOnlyForDeploymentPostprocessing = 0;
		};
/* End PBXResourcesBuildPhase section */

/* Begin PBXSourcesBuildPhase section */
		63EDCD722ABAC5FD007F0DDA /* Sources */ = {
			isa = PBXSourcesBuildPhase;
			buildActionMask = 2147483647;
			files = (
				633CDDB42ACC911300940540 /* String.swift in Sources */,
				63D793532AD1343500713184 /* LaunchView.swift in Sources */,
				636967582ABAF4BE0093A16D /* CoinRowView.swift in Sources */,
				6302AEF22ABF1A9000EA1D16 /* StatisticModel.swift in Sources */,
				636967602ABB0B300093A16D /* HomeViewModel.swift in Sources */,
				6383B8702ACD4C760019AC15 /* SystemThemeManager.swift in Sources */,
				63EDCD7C2ABAC5FD007F0DDA /* ContentView.swift in Sources */,
				63EDCD912ABACAEB007F0DDA /* HomeView.swift in Sources */,
				6302AEFE2ABF295900EA1D16 /* MarketDataService.swift in Sources */,
				63DA75962AC04006006A0742 /* CoinLogoView.swift in Sources */,
				630525E62AD1020100551C2E /* ContactUsView.swift in Sources */,
				63626F702AC97D34009C903E /* CoinDetailModel.swift in Sources */,
				63EDCD7A2ABAC5FD007F0DDA /* SwiftfulCryptoApp.swift in Sources */,
				63115D742ABC049500BDDDD8 /* CoinDataService.swift in Sources */,
				6302AEFC2ABF248700EA1D16 /* MarketDataModel.swift in Sources */,
				63EC41C32AC16CE100FE319C /* PortfolioDataService.swift in Sources */,
				63EDCD952ABACCB4007F0DDA /* CircleButtonView.swift in Sources */,
				63C61D172AD067A4000F30BD /* LanguageManager.swift in Sources */,
				63EDCD8B2ABAC7AE007F0DDA /* Color.swift in Sources */,
				6302AEF82ABF1C6400EA1D16 /* StatisticView.swift in Sources */,
				632794DE2ABDC8AA004DC3B3 /* UIApplication.swift in Sources */,
				63DB03EE2ABD5ACC00AAD045 /* CoinImageViewModel.swift in Sources */,
				63626F722AC980F4009C903E /* DetailViewModel.swift in Sources */,
				63EDCD972ABAD87D007F0DDA /* CircleButtonAnimationView.swift in Sources */,
				6302AEFA2ABF206600EA1D16 /* HomeStatsView.swift in Sources */,
				638062652ACDF91900870B12 /* AppSettings.swift in Sources */,
				6369675A2ABAF5510093A16D /* PreviewProvider.swift in Sources */,
				638062632ACDE48700870B12 /* RectKey.swift in Sources */,
				632794DA2ABDA8A6004DC3B3 /* LocalFileManager.swift in Sources */,
				632794DC2ABDC1C9004DC3B3 /* SearchBarView.swift in Sources */,
				63E14F822ACC7A060098A19C /* ChartView.swift in Sources */,
				63115D712ABC03B800BDDDD8 /* SettingView.swift in Sources */,
				63DB03EA2ABD548800AAD045 /* CoinImageView.swift in Sources */,
				63EC41C12AC16BF900FE319C /* PortfolioContainer.xcdatamodeld in Sources */,
				63626F742AC98128009C903E /* CoinDetailDataService.swift in Sources */,
				6369675E2ABAFE3B0093A16D /* Double.swift in Sources */,
				63D6EB612AC65FB300F0F536 /* DetailView.swift in Sources */,
				63EDCD9A2ABADCE0007F0DDA /* CoinModel.swift in Sources */,
				63E14F842ACC82160098A19C /* Date.swift in Sources */,
				63DA75942ABFEAAF006A0742 /* XMarButton.swift in Sources */,
				63DB03EC2ABD581100AAD045 /* CoinImageService.swift in Sources */,
				633C74282ABD2DEB00DBA8ED /* NetworkingManager.swift in Sources */,
				6354BF622AC1ACF000E4CA46 /* HapticManager.swift in Sources */,
				63DA75922ABFE672006A0742 /* PortfolioView.swift in Sources */,
			);
			runOnlyForDeploymentPostprocessing = 0;
		};
/* End PBXSourcesBuildPhase section */

/* Begin PBXVariantGroup section */
		633615CA2ACEDCD10007B9D9 /* Localizable.strings */ = {
			isa = PBXVariantGroup;
			children = (
				633615C92ACEDCD10007B9D9 /* en */,
				633615CB2ACEE0460007B9D9 /* vi */,
			);
			name = Localizable.strings;
			sourceTree = "<group>";
		};
/* End PBXVariantGroup section */

/* Begin XCBuildConfiguration section */
		63EDCD822ABAC5FE007F0DDA /* Debug */ = {
			isa = XCBuildConfiguration;
			buildSettings = {
				ALWAYS_SEARCH_USER_PATHS = NO;
				ASSETCATALOG_COMPILER_GENERATE_SWIFT_ASSET_SYMBOL_EXTENSIONS = YES;
				CLANG_ANALYZER_LOCALIZABILITY_NONLOCALIZED = YES;
				CLANG_ANALYZER_NONNULL = YES;
				CLANG_ANALYZER_NUMBER_OBJECT_CONVERSION = YES_AGGRESSIVE;
				CLANG_CXX_LANGUAGE_STANDARD = "gnu++20";
				CLANG_ENABLE_MODULES = YES;
				CLANG_ENABLE_OBJC_ARC = YES;
				CLANG_ENABLE_OBJC_WEAK = YES;
				CLANG_WARN_BLOCK_CAPTURE_AUTORELEASING = YES;
				CLANG_WARN_BOOL_CONVERSION = YES;
				CLANG_WARN_COMMA = YES;
				CLANG_WARN_CONSTANT_CONVERSION = YES;
				CLANG_WARN_DEPRECATED_OBJC_IMPLEMENTATIONS = YES;
				CLANG_WARN_DIRECT_OBJC_ISA_USAGE = YES_ERROR;
				CLANG_WARN_DOCUMENTATION_COMMENTS = YES;
				CLANG_WARN_EMPTY_BODY = YES;
				CLANG_WARN_ENUM_CONVERSION = YES;
				CLANG_WARN_INFINITE_RECURSION = YES;
				CLANG_WARN_INT_CONVERSION = YES;
				CLANG_WARN_NON_LITERAL_NULL_CONVERSION = YES;
				CLANG_WARN_OBJC_IMPLICIT_RETAIN_SELF = YES;
				CLANG_WARN_OBJC_LITERAL_CONVERSION = YES;
				CLANG_WARN_OBJC_ROOT_CLASS = YES_ERROR;
				CLANG_WARN_QUOTED_INCLUDE_IN_FRAMEWORK_HEADER = YES;
				CLANG_WARN_RANGE_LOOP_ANALYSIS = YES;
				CLANG_WARN_STRICT_PROTOTYPES = YES;
				CLANG_WARN_SUSPICIOUS_MOVE = YES;
				CLANG_WARN_UNGUARDED_AVAILABILITY = YES_AGGRESSIVE;
				CLANG_WARN_UNREACHABLE_CODE = YES;
				CLANG_WARN__DUPLICATE_METHOD_MATCH = YES;
				COPY_PHASE_STRIP = NO;
				DEBUG_INFORMATION_FORMAT = dwarf;
				ENABLE_STRICT_OBJC_MSGSEND = YES;
				ENABLE_TESTABILITY = YES;
				ENABLE_USER_SCRIPT_SANDBOXING = YES;
				GCC_C_LANGUAGE_STANDARD = gnu17;
				GCC_DYNAMIC_NO_PIC = NO;
				GCC_NO_COMMON_BLOCKS = YES;
				GCC_OPTIMIZATION_LEVEL = 0;
				GCC_PREPROCESSOR_DEFINITIONS = (
					"DEBUG=1",
					"$(inherited)",
				);
				GCC_WARN_64_TO_32_BIT_CONVERSION = YES;
				GCC_WARN_ABOUT_RETURN_TYPE = YES_ERROR;
				GCC_WARN_UNDECLARED_SELECTOR = YES;
				GCC_WARN_UNINITIALIZED_AUTOS = YES_AGGRESSIVE;
				GCC_WARN_UNUSED_FUNCTION = YES;
				GCC_WARN_UNUSED_VARIABLE = YES;
				IPHONEOS_DEPLOYMENT_TARGET = 17.0;
				LOCALIZATION_PREFERS_STRING_CATALOGS = YES;
				MTL_ENABLE_DEBUG_INFO = INCLUDE_SOURCE;
				MTL_FAST_MATH = YES;
				ONLY_ACTIVE_ARCH = YES;
				SDKROOT = iphoneos;
				SWIFT_ACTIVE_COMPILATION_CONDITIONS = "DEBUG $(inherited)";
				SWIFT_OPTIMIZATION_LEVEL = "-Onone";
			};
			name = Debug;
		};
		63EDCD832ABAC5FE007F0DDA /* Release */ = {
			isa = XCBuildConfiguration;
			buildSettings = {
				ALWAYS_SEARCH_USER_PATHS = NO;
				ASSETCATALOG_COMPILER_GENERATE_SWIFT_ASSET_SYMBOL_EXTENSIONS = YES;
				CLANG_ANALYZER_LOCALIZABILITY_NONLOCALIZED = YES;
				CLANG_ANALYZER_NONNULL = YES;
				CLANG_ANALYZER_NUMBER_OBJECT_CONVERSION = YES_AGGRESSIVE;
				CLANG_CXX_LANGUAGE_STANDARD = "gnu++20";
				CLANG_ENABLE_MODULES = YES;
				CLANG_ENABLE_OBJC_ARC = YES;
				CLANG_ENABLE_OBJC_WEAK = YES;
				CLANG_WARN_BLOCK_CAPTURE_AUTORELEASING = YES;
				CLANG_WARN_BOOL_CONVERSION = YES;
				CLANG_WARN_COMMA = YES;
				CLANG_WARN_CONSTANT_CONVERSION = YES;
				CLANG_WARN_DEPRECATED_OBJC_IMPLEMENTATIONS = YES;
				CLANG_WARN_DIRECT_OBJC_ISA_USAGE = YES_ERROR;
				CLANG_WARN_DOCUMENTATION_COMMENTS = YES;
				CLANG_WARN_EMPTY_BODY = YES;
				CLANG_WARN_ENUM_CONVERSION = YES;
				CLANG_WARN_INFINITE_RECURSION = YES;
				CLANG_WARN_INT_CONVERSION = YES;
				CLANG_WARN_NON_LITERAL_NULL_CONVERSION = YES;
				CLANG_WARN_OBJC_IMPLICIT_RETAIN_SELF = YES;
				CLANG_WARN_OBJC_LITERAL_CONVERSION = YES;
				CLANG_WARN_OBJC_ROOT_CLASS = YES_ERROR;
				CLANG_WARN_QUOTED_INCLUDE_IN_FRAMEWORK_HEADER = YES;
				CLANG_WARN_RANGE_LOOP_ANALYSIS = YES;
				CLANG_WARN_STRICT_PROTOTYPES = YES;
				CLANG_WARN_SUSPICIOUS_MOVE = YES;
				CLANG_WARN_UNGUARDED_AVAILABILITY = YES_AGGRESSIVE;
				CLANG_WARN_UNREACHABLE_CODE = YES;
				CLANG_WARN__DUPLICATE_METHOD_MATCH = YES;
				COPY_PHASE_STRIP = NO;
				DEBUG_INFORMATION_FORMAT = "dwarf-with-dsym";
				ENABLE_NS_ASSERTIONS = NO;
				ENABLE_STRICT_OBJC_MSGSEND = YES;
				ENABLE_USER_SCRIPT_SANDBOXING = YES;
				GCC_C_LANGUAGE_STANDARD = gnu17;
				GCC_NO_COMMON_BLOCKS = YES;
				GCC_WARN_64_TO_32_BIT_CONVERSION = YES;
				GCC_WARN_ABOUT_RETURN_TYPE = YES_ERROR;
				GCC_WARN_UNDECLARED_SELECTOR = YES;
				GCC_WARN_UNINITIALIZED_AUTOS = YES_AGGRESSIVE;
				GCC_WARN_UNUSED_FUNCTION = YES;
				GCC_WARN_UNUSED_VARIABLE = YES;
				IPHONEOS_DEPLOYMENT_TARGET = 17.0;
				LOCALIZATION_PREFERS_STRING_CATALOGS = YES;
				MTL_ENABLE_DEBUG_INFO = NO;
				MTL_FAST_MATH = YES;
				SDKROOT = iphoneos;
				SWIFT_COMPILATION_MODE = wholemodule;
				VALIDATE_PRODUCT = YES;
			};
			name = Release;
		};
		63EDCD852ABAC5FE007F0DDA /* Debug */ = {
			isa = XCBuildConfiguration;
			buildSettings = {
				ASSETCATALOG_COMPILER_APPICON_NAME = AppIcon;
				ASSETCATALOG_COMPILER_GLOBAL_ACCENT_COLOR_NAME = AccentColor;
				ASSETCATALOG_COMPILER_INCLUDE_ALL_APPICON_ASSETS = NO;
				CODE_SIGN_STYLE = Automatic;
				CURRENT_PROJECT_VERSION = 1;
				DEVELOPMENT_ASSET_PATHS = "\"SwiftfulCrypto/Preview Content\"";
				DEVELOPMENT_TEAM = TUZ25BSX64;
				ENABLE_PREVIEWS = YES;
				GENERATE_INFOPLIST_FILE = YES;
				INFOPLIST_KEY_CFBundleDisplayName = "Crypto Tracker";
				INFOPLIST_KEY_LSApplicationCategoryType = "public.app-category.finance";
				INFOPLIST_KEY_UIApplicationSceneManifest_Generation = YES;
				INFOPLIST_KEY_UIApplicationSupportsIndirectInputEvents = YES;
				INFOPLIST_KEY_UILaunchStoryboardName = "";
				INFOPLIST_KEY_UISupportedInterfaceOrientations = UIInterfaceOrientationPortrait;
				INFOPLIST_KEY_UISupportedInterfaceOrientations_iPad = "UIInterfaceOrientationLandscapeLeft UIInterfaceOrientationLandscapeRight UIInterfaceOrientationPortrait UIInterfaceOrientationPortraitUpsideDown";
				LD_RUNPATH_SEARCH_PATHS = (
					"$(inherited)",
					"@executable_path/Frameworks",
				);
				MARKETING_VERSION = 1.0;
				PRODUCT_BUNDLE_IDENTIFIER = com.yoliephan.SwiftfulCrypto;
				PRODUCT_NAME = "$(TARGET_NAME)";
				SWIFT_EMIT_LOC_STRINGS = YES;
				SWIFT_VERSION = 5.0;
				TARGETED_DEVICE_FAMILY = "1,2";
			};
			name = Debug;
		};
		63EDCD862ABAC5FE007F0DDA /* Release */ = {
			isa = XCBuildConfiguration;
			buildSettings = {
				ASSETCATALOG_COMPILER_APPICON_NAME = AppIcon;
				ASSETCATALOG_COMPILER_GLOBAL_ACCENT_COLOR_NAME = AccentColor;
				ASSETCATALOG_COMPILER_INCLUDE_ALL_APPICON_ASSETS = NO;
				CODE_SIGN_STYLE = Automatic;
				CURRENT_PROJECT_VERSION = 1;
				DEVELOPMENT_ASSET_PATHS = "\"SwiftfulCrypto/Preview Content\"";
				DEVELOPMENT_TEAM = TUZ25BSX64;
				ENABLE_PREVIEWS = YES;
				GENERATE_INFOPLIST_FILE = YES;
				INFOPLIST_KEY_CFBundleDisplayName = "Crypto Tracker";
				INFOPLIST_KEY_LSApplicationCategoryType = "public.app-category.finance";
				INFOPLIST_KEY_UIApplicationSceneManifest_Generation = YES;
				INFOPLIST_KEY_UIApplicationSupportsIndirectInputEvents = YES;
				INFOPLIST_KEY_UILaunchStoryboardName = "";
				INFOPLIST_KEY_UISupportedInterfaceOrientations = UIInterfaceOrientationPortrait;
				INFOPLIST_KEY_UISupportedInterfaceOrientations_iPad = "UIInterfaceOrientationLandscapeLeft UIInterfaceOrientationLandscapeRight UIInterfaceOrientationPortrait UIInterfaceOrientationPortraitUpsideDown";
				LD_RUNPATH_SEARCH_PATHS = (
					"$(inherited)",
					"@executable_path/Frameworks",
				);
				MARKETING_VERSION = 1.0;
				PRODUCT_BUNDLE_IDENTIFIER = com.yoliephan.SwiftfulCrypto;
				PRODUCT_NAME = "$(TARGET_NAME)";
				SWIFT_EMIT_LOC_STRINGS = YES;
				SWIFT_VERSION = 5.0;
				TARGETED_DEVICE_FAMILY = "1,2";
			};
			name = Release;
		};
/* End XCBuildConfiguration section */

/* Begin XCConfigurationList section */
		63EDCD712ABAC5FD007F0DDA /* Build configuration list for PBXProject "SwiftfulCrypto" */ = {
			isa = XCConfigurationList;
			buildConfigurations = (
				63EDCD822ABAC5FE007F0DDA /* Debug */,
				63EDCD832ABAC5FE007F0DDA /* Release */,
			);
			defaultConfigurationIsVisible = 0;
			defaultConfigurationName = Release;
		};
		63EDCD842ABAC5FE007F0DDA /* Build configuration list for PBXNativeTarget "SwiftfulCrypto" */ = {
			isa = XCConfigurationList;
			buildConfigurations = (
				63EDCD852ABAC5FE007F0DDA /* Debug */,
				63EDCD862ABAC5FE007F0DDA /* Release */,
			);
			defaultConfigurationIsVisible = 0;
			defaultConfigurationName = Release;
		};
/* End XCConfigurationList section */

/* Begin XCRemoteSwiftPackageReference section */
		63F331762ADF05FF00A31132 /* XCRemoteSwiftPackageReference "firebase-ios-sdk" */ = {
			isa = XCRemoteSwiftPackageReference;
			repositoryURL = "https://github.com/firebase/firebase-ios-sdk";
			requirement = {
				kind = upToNextMajorVersion;
				minimumVersion = 10.16.0;
			};
		};
/* End XCRemoteSwiftPackageReference section */

/* Begin XCSwiftPackageProductDependency section */
		63F331772ADF05FF00A31132 /* FirebaseAnalytics */ = {
			isa = XCSwiftPackageProductDependency;
			package = 63F331762ADF05FF00A31132 /* XCRemoteSwiftPackageReference "firebase-ios-sdk" */;
			productName = FirebaseAnalytics;
		};
		63F331792ADF05FF00A31132 /* FirebaseAnalyticsOnDeviceConversion */ = {
			isa = XCSwiftPackageProductDependency;
			package = 63F331762ADF05FF00A31132 /* XCRemoteSwiftPackageReference "firebase-ios-sdk" */;
			productName = FirebaseAnalyticsOnDeviceConversion;
		};
		63F3317B2ADF05FF00A31132 /* FirebaseAnalyticsSwift */ = {
			isa = XCSwiftPackageProductDependency;
			package = 63F331762ADF05FF00A31132 /* XCRemoteSwiftPackageReference "firebase-ios-sdk" */;
			productName = FirebaseAnalyticsSwift;
		};
		63F3317D2ADF05FF00A31132 /* FirebaseAnalyticsWithoutAdIdSupport */ = {
			isa = XCSwiftPackageProductDependency;
			package = 63F331762ADF05FF00A31132 /* XCRemoteSwiftPackageReference "firebase-ios-sdk" */;
			productName = FirebaseAnalyticsWithoutAdIdSupport;
		};
		63F3317F2ADF05FF00A31132 /* FirebaseAppCheck */ = {
			isa = XCSwiftPackageProductDependency;
			package = 63F331762ADF05FF00A31132 /* XCRemoteSwiftPackageReference "firebase-ios-sdk" */;
			productName = FirebaseAppCheck;
		};
		63F331812ADF05FF00A31132 /* FirebaseAppDistribution-Beta */ = {
			isa = XCSwiftPackageProductDependency;
			package = 63F331762ADF05FF00A31132 /* XCRemoteSwiftPackageReference "firebase-ios-sdk" */;
			productName = "FirebaseAppDistribution-Beta";
		};
		63F331832ADF05FF00A31132 /* FirebaseAuth */ = {
			isa = XCSwiftPackageProductDependency;
			package = 63F331762ADF05FF00A31132 /* XCRemoteSwiftPackageReference "firebase-ios-sdk" */;
			productName = FirebaseAuth;
		};
		63F331852ADF05FF00A31132 /* FirebaseAuthCombine-Community */ = {
			isa = XCSwiftPackageProductDependency;
			package = 63F331762ADF05FF00A31132 /* XCRemoteSwiftPackageReference "firebase-ios-sdk" */;
			productName = "FirebaseAuthCombine-Community";
		};
		63F331872ADF05FF00A31132 /* FirebaseCrashlytics */ = {
			isa = XCSwiftPackageProductDependency;
			package = 63F331762ADF05FF00A31132 /* XCRemoteSwiftPackageReference "firebase-ios-sdk" */;
			productName = FirebaseCrashlytics;
		};
		63F331892ADF05FF00A31132 /* FirebaseDatabase */ = {
			isa = XCSwiftPackageProductDependency;
			package = 63F331762ADF05FF00A31132 /* XCRemoteSwiftPackageReference "firebase-ios-sdk" */;
			productName = FirebaseDatabase;
		};
		63F3318B2ADF05FF00A31132 /* FirebaseDatabaseSwift */ = {
			isa = XCSwiftPackageProductDependency;
			package = 63F331762ADF05FF00A31132 /* XCRemoteSwiftPackageReference "firebase-ios-sdk" */;
			productName = FirebaseDatabaseSwift;
		};
		63F3318D2ADF05FF00A31132 /* FirebaseDynamicLinks */ = {
			isa = XCSwiftPackageProductDependency;
			package = 63F331762ADF05FF00A31132 /* XCRemoteSwiftPackageReference "firebase-ios-sdk" */;
			productName = FirebaseDynamicLinks;
		};
		63F3318F2ADF05FF00A31132 /* FirebaseFirestore */ = {
			isa = XCSwiftPackageProductDependency;
			package = 63F331762ADF05FF00A31132 /* XCRemoteSwiftPackageReference "firebase-ios-sdk" */;
			productName = FirebaseFirestore;
		};
		63F331912ADF05FF00A31132 /* FirebaseFirestoreCombine-Community */ = {
			isa = XCSwiftPackageProductDependency;
			package = 63F331762ADF05FF00A31132 /* XCRemoteSwiftPackageReference "firebase-ios-sdk" */;
			productName = "FirebaseFirestoreCombine-Community";
		};
		63F331932ADF05FF00A31132 /* FirebaseFirestoreSwift */ = {
			isa = XCSwiftPackageProductDependency;
			package = 63F331762ADF05FF00A31132 /* XCRemoteSwiftPackageReference "firebase-ios-sdk" */;
			productName = FirebaseFirestoreSwift;
		};
		63F331952ADF05FF00A31132 /* FirebaseFunctions */ = {
			isa = XCSwiftPackageProductDependency;
			package = 63F331762ADF05FF00A31132 /* XCRemoteSwiftPackageReference "firebase-ios-sdk" */;
			productName = FirebaseFunctions;
		};
		63F331972ADF05FF00A31132 /* FirebaseFunctionsCombine-Community */ = {
			isa = XCSwiftPackageProductDependency;
			package = 63F331762ADF05FF00A31132 /* XCRemoteSwiftPackageReference "firebase-ios-sdk" */;
			productName = "FirebaseFunctionsCombine-Community";
		};
		63F331992ADF05FF00A31132 /* FirebaseInAppMessaging-Beta */ = {
			isa = XCSwiftPackageProductDependency;
			package = 63F331762ADF05FF00A31132 /* XCRemoteSwiftPackageReference "firebase-ios-sdk" */;
			productName = "FirebaseInAppMessaging-Beta";
		};
		63F3319B2ADF05FF00A31132 /* FirebaseInAppMessagingSwift-Beta */ = {
			isa = XCSwiftPackageProductDependency;
			package = 63F331762ADF05FF00A31132 /* XCRemoteSwiftPackageReference "firebase-ios-sdk" */;
			productName = "FirebaseInAppMessagingSwift-Beta";
		};
		63F3319D2ADF05FF00A31132 /* FirebaseInstallations */ = {
			isa = XCSwiftPackageProductDependency;
			package = 63F331762ADF05FF00A31132 /* XCRemoteSwiftPackageReference "firebase-ios-sdk" */;
			productName = FirebaseInstallations;
		};
		63F3319F2ADF05FF00A31132 /* FirebaseMLModelDownloader */ = {
			isa = XCSwiftPackageProductDependency;
			package = 63F331762ADF05FF00A31132 /* XCRemoteSwiftPackageReference "firebase-ios-sdk" */;
			productName = FirebaseMLModelDownloader;
		};
		63F331A12ADF05FF00A31132 /* FirebaseMessaging */ = {
			isa = XCSwiftPackageProductDependency;
			package = 63F331762ADF05FF00A31132 /* XCRemoteSwiftPackageReference "firebase-ios-sdk" */;
			productName = FirebaseMessaging;
		};
		63F331A32ADF05FF00A31132 /* FirebasePerformance */ = {
			isa = XCSwiftPackageProductDependency;
			package = 63F331762ADF05FF00A31132 /* XCRemoteSwiftPackageReference "firebase-ios-sdk" */;
			productName = FirebasePerformance;
		};
		63F331A52ADF05FF00A31132 /* FirebaseRemoteConfig */ = {
			isa = XCSwiftPackageProductDependency;
			package = 63F331762ADF05FF00A31132 /* XCRemoteSwiftPackageReference "firebase-ios-sdk" */;
			productName = FirebaseRemoteConfig;
		};
		63F331A72ADF05FF00A31132 /* FirebaseRemoteConfigSwift */ = {
			isa = XCSwiftPackageProductDependency;
			package = 63F331762ADF05FF00A31132 /* XCRemoteSwiftPackageReference "firebase-ios-sdk" */;
			productName = FirebaseRemoteConfigSwift;
		};
		63F331A92ADF05FF00A31132 /* FirebaseStorage */ = {
			isa = XCSwiftPackageProductDependency;
			package = 63F331762ADF05FF00A31132 /* XCRemoteSwiftPackageReference "firebase-ios-sdk" */;
			productName = FirebaseStorage;
		};
		63F331AB2ADF05FF00A31132 /* FirebaseStorageCombine-Community */ = {
			isa = XCSwiftPackageProductDependency;
			package = 63F331762ADF05FF00A31132 /* XCRemoteSwiftPackageReference "firebase-ios-sdk" */;
			productName = "FirebaseStorageCombine-Community";
		};
/* End XCSwiftPackageProductDependency section */

/* Begin XCVersionGroup section */
		63EC41BF2AC16BF900FE319C /* PortfolioContainer.xcdatamodeld */ = {
			isa = XCVersionGroup;
			children = (
				63EC41C02AC16BF900FE319C /* PortfolioContainer.xcdatamodel */,
			);
			currentVersion = 63EC41C02AC16BF900FE319C /* PortfolioContainer.xcdatamodel */;
			path = PortfolioContainer.xcdatamodeld;
			sourceTree = "<group>";
			versionGroupType = wrapper.xcdatamodel;
		};
/* End XCVersionGroup section */
	};
	rootObject = 63EDCD6E2ABAC5FD007F0DDA /* Project object */;
}
