// !$*UTF8*$!
{
	archiveVersion = 1;
	classes = {
	};
	objectVersion = 56;
	objects = {

/* Begin PBXBuildFile section */
		636967582ABAF4BE0093A16D /* CoinRowView.swift in Sources */ = {isa = PBXBuildFile; fileRef = 636967572ABAF4BE0093A16D /* CoinRowView.swift */; };
		6369675A2ABAF5510093A16D /* PreviewProvider.swift in Sources */ = {isa = PBXBuildFile; fileRef = 636967592ABAF5510093A16D /* PreviewProvider.swift */; };
		6369675E2ABAFE3B0093A16D /* Double.swift in Sources */ = {isa = PBXBuildFile; fileRef = 6369675D2ABAFE3B0093A16D /* Double.swift */; };
		636967602ABB0B300093A16D /* HomeViewModel.swift in Sources */ = {isa = PBXBuildFile; fileRef = 6369675F2ABB0B300093A16D /* HomeViewModel.swift */; };
		63EDCD7A2ABAC5FD007F0DDA /* SwiftfulCryptoApp.swift in Sources */ = {isa = PBXBuildFile; fileRef = 63EDCD792ABAC5FD007F0DDA /* SwiftfulCryptoApp.swift */; };
		63EDCD7C2ABAC5FD007F0DDA /* ContentView.swift in Sources */ = {isa = PBXBuildFile; fileRef = 63EDCD7B2ABAC5FD007F0DDA /* ContentView.swift */; };
		63EDCD812ABAC5FE007F0DDA /* Preview Assets.xcassets in Resources */ = {isa = PBXBuildFile; fileRef = 63EDCD802ABAC5FE007F0DDA /* Preview Assets.xcassets */; };
		63EDCD882ABAC740007F0DDA /* Assets.xcassets in Resources */ = {isa = PBXBuildFile; fileRef = 63EDCD872ABAC740007F0DDA /* Assets.xcassets */; };
		63EDCD8B2ABAC7AE007F0DDA /* Color.swift in Sources */ = {isa = PBXBuildFile; fileRef = 63EDCD8A2ABAC7AE007F0DDA /* Color.swift */; };
		63EDCD912ABACAEB007F0DDA /* HomeView.swift in Sources */ = {isa = PBXBuildFile; fileRef = 63EDCD902ABACAEB007F0DDA /* HomeView.swift */; };
		63EDCD952ABACCB4007F0DDA /* CircleButtonView.swift in Sources */ = {isa = PBXBuildFile; fileRef = 63EDCD942ABACCB4007F0DDA /* CircleButtonView.swift */; };
		63EDCD972ABAD87D007F0DDA /* CircleButtonAnimationView.swift in Sources */ = {isa = PBXBuildFile; fileRef = 63EDCD962ABAD87D007F0DDA /* CircleButtonAnimationView.swift */; };
		63EDCD9A2ABADCE0007F0DDA /* CoinModel.swift in Sources */ = {isa = PBXBuildFile; fileRef = 63EDCD992ABADCE0007F0DDA /* CoinModel.swift */; };
/* End PBXBuildFile section */

/* Begin PBXFileReference section */
		636967572ABAF4BE0093A16D /* CoinRowView.swift */ = {isa = PBXFileReference; lastKnownFileType = sourcecode.swift; path = CoinRowView.swift; sourceTree = "<group>"; };
		636967592ABAF5510093A16D /* PreviewProvider.swift */ = {isa = PBXFileReference; lastKnownFileType = sourcecode.swift; path = PreviewProvider.swift; sourceTree = "<group>"; };
		6369675D2ABAFE3B0093A16D /* Double.swift */ = {isa = PBXFileReference; lastKnownFileType = sourcecode.swift; path = Double.swift; sourceTree = "<group>"; };
		6369675F2ABB0B300093A16D /* HomeViewModel.swift */ = {isa = PBXFileReference; lastKnownFileType = sourcecode.swift; path = HomeViewModel.swift; sourceTree = "<group>"; };
		63EDCD762ABAC5FD007F0DDA /* SwiftfulCrypto.app */ = {isa = PBXFileReference; explicitFileType = wrapper.application; includeInIndex = 0; path = SwiftfulCrypto.app; sourceTree = BUILT_PRODUCTS_DIR; };
		63EDCD792ABAC5FD007F0DDA /* SwiftfulCryptoApp.swift */ = {isa = PBXFileReference; lastKnownFileType = sourcecode.swift; path = SwiftfulCryptoApp.swift; sourceTree = "<group>"; };
		63EDCD7B2ABAC5FD007F0DDA /* ContentView.swift */ = {isa = PBXFileReference; lastKnownFileType = sourcecode.swift; path = ContentView.swift; sourceTree = "<group>"; };
		63EDCD802ABAC5FE007F0DDA /* Preview Assets.xcassets */ = {isa = PBXFileReference; lastKnownFileType = folder.assetcatalog; path = "Preview Assets.xcassets"; sourceTree = "<group>"; };
		63EDCD872ABAC740007F0DDA /* Assets.xcassets */ = {isa = PBXFileReference; lastKnownFileType = folder.assetcatalog; name = Assets.xcassets; path = ../../Resources/Assets.xcassets; sourceTree = "<group>"; };
		63EDCD8A2ABAC7AE007F0DDA /* Color.swift */ = {isa = PBXFileReference; lastKnownFileType = sourcecode.swift; path = Color.swift; sourceTree = "<group>"; };
		63EDCD902ABACAEB007F0DDA /* HomeView.swift */ = {isa = PBXFileReference; lastKnownFileType = sourcecode.swift; path = HomeView.swift; sourceTree = "<group>"; };
		63EDCD942ABACCB4007F0DDA /* CircleButtonView.swift */ = {isa = PBXFileReference; lastKnownFileType = sourcecode.swift; path = CircleButtonView.swift; sourceTree = "<group>"; };
		63EDCD962ABAD87D007F0DDA /* CircleButtonAnimationView.swift */ = {isa = PBXFileReference; lastKnownFileType = sourcecode.swift; path = CircleButtonAnimationView.swift; sourceTree = "<group>"; };
		63EDCD992ABADCE0007F0DDA /* CoinModel.swift */ = {isa = PBXFileReference; lastKnownFileType = sourcecode.swift; path = CoinModel.swift; sourceTree = "<group>"; };
/* End PBXFileReference section */

/* Begin PBXFrameworksBuildPhase section */
		63EDCD732ABAC5FD007F0DDA /* Frameworks */ = {
			isa = PBXFrameworksBuildPhase;
			buildActionMask = 2147483647;
			files = (
			);
			runOnlyForDeploymentPostprocessing = 0;
		};
/* End PBXFrameworksBuildPhase section */

/* Begin PBXGroup section */
		63EDCD6D2ABAC5FD007F0DDA = {
			isa = PBXGroup;
			children = (
				63EDCD782ABAC5FD007F0DDA /* SwiftfulCrypto */,
				63EDCD772ABAC5FD007F0DDA /* Products */,
			);
			sourceTree = "<group>";
		};
		63EDCD772ABAC5FD007F0DDA /* Products */ = {
			isa = PBXGroup;
			children = (
				63EDCD762ABAC5FD007F0DDA /* SwiftfulCrypto.app */,
			);
			name = Products;
			sourceTree = "<group>";
		};
		63EDCD782ABAC5FD007F0DDA /* SwiftfulCrypto */ = {
			isa = PBXGroup;
			children = (
				63EDCD892ABAC7A1007F0DDA /* Extensions */,
				63EDCD982ABADCB0007F0DDA /* Models */,
				63EDCD8C2ABACAA2007F0DDA /* Core */,
				63EDCD792ABAC5FD007F0DDA /* SwiftfulCryptoApp.swift */,
				63EDCD7B2ABAC5FD007F0DDA /* ContentView.swift */,
				63EDCD872ABAC740007F0DDA /* Assets.xcassets */,
				63EDCD7F2ABAC5FE007F0DDA /* Preview Content */,
			);
			path = SwiftfulCrypto;
			sourceTree = "<group>";
		};
		63EDCD7F2ABAC5FE007F0DDA /* Preview Content */ = {
			isa = PBXGroup;
			children = (
				63EDCD802ABAC5FE007F0DDA /* Preview Assets.xcassets */,
			);
			path = "Preview Content";
			sourceTree = "<group>";
		};
		63EDCD892ABAC7A1007F0DDA /* Extensions */ = {
			isa = PBXGroup;
			children = (
				63EDCD8A2ABAC7AE007F0DDA /* Color.swift */,
				636967592ABAF5510093A16D /* PreviewProvider.swift */,
				6369675D2ABAFE3B0093A16D /* Double.swift */,
			);
			path = Extensions;
			sourceTree = "<group>";
		};
		63EDCD8C2ABACAA2007F0DDA /* Core */ = {
			isa = PBXGroup;
			children = (
				63EDCD922ABACC7D007F0DDA /* Components */,
				63EDCD8D2ABACAB7007F0DDA /* Home */,
			);
			path = Core;
			sourceTree = "<group>";
		};
		63EDCD8D2ABACAB7007F0DDA /* Home */ = {
			isa = PBXGroup;
			children = (
				63EDCD8F2ABACACB007F0DDA /* ViewModels */,
				63EDCD8E2ABACAC4007F0DDA /* Views */,
			);
			path = Home;
			sourceTree = "<group>";
		};
		63EDCD8E2ABACAC4007F0DDA /* Views */ = {
			isa = PBXGroup;
			children = (
				63EDCD902ABACAEB007F0DDA /* HomeView.swift */,
				636967572ABAF4BE0093A16D /* CoinRowView.swift */,
			);
			path = Views;
			sourceTree = "<group>";
		};
		63EDCD8F2ABACACB007F0DDA /* ViewModels */ = {
			isa = PBXGroup;
			children = (
				6369675F2ABB0B300093A16D /* HomeViewModel.swift */,
			);
			path = ViewModels;
			sourceTree = "<group>";
		};
		63EDCD922ABACC7D007F0DDA /* Components */ = {
			isa = PBXGroup;
			children = (
				63EDCD932ABACC9C007F0DDA /* CircleButton */,
			);
			path = Components;
			sourceTree = "<group>";
		};
		63EDCD932ABACC9C007F0DDA /* CircleButton */ = {
			isa = PBXGroup;
			children = (
				63EDCD942ABACCB4007F0DDA /* CircleButtonView.swift */,
				63EDCD962ABAD87D007F0DDA /* CircleButtonAnimationView.swift */,
			);
			path = CircleButton;
			sourceTree = "<group>";
		};
		63EDCD982ABADCB0007F0DDA /* Models */ = {
			isa = PBXGroup;
			children = (
				63EDCD992ABADCE0007F0DDA /* CoinModel.swift */,
			);
			path = Models;
			sourceTree = "<group>";
		};
/* End PBXGroup section */

/* Begin PBXNativeTarget section */
		63EDCD752ABAC5FD007F0DDA /* SwiftfulCrypto */ = {
			isa = PBXNativeTarget;
			buildConfigurationList = 63EDCD842ABAC5FE007F0DDA /* Build configuration list for PBXNativeTarget "SwiftfulCrypto" */;
			buildPhases = (
				63EDCD722ABAC5FD007F0DDA /* Sources */,
				63EDCD732ABAC5FD007F0DDA /* Frameworks */,
				63EDCD742ABAC5FD007F0DDA /* Resources */,
			);
			buildRules = (
			);
			dependencies = (
			);
			name = SwiftfulCrypto;
			productName = SwiftfulCrypto;
			productReference = 63EDCD762ABAC5FD007F0DDA /* SwiftfulCrypto.app */;
			productType = "com.apple.product-type.application";
		};
/* End PBXNativeTarget section */

/* Begin PBXProject section */
		63EDCD6E2ABAC5FD007F0DDA /* Project object */ = {
			isa = PBXProject;
			attributes = {
				BuildIndependentTargetsInParallel = 1;
				LastSwiftUpdateCheck = 1500;
				LastUpgradeCheck = 1500;
				TargetAttributes = {
					63EDCD752ABAC5FD007F0DDA = {
						CreatedOnToolsVersion = 15.0;
					};
				};
			};
			buildConfigurationList = 63EDCD712ABAC5FD007F0DDA /* Build configuration list for PBXProject "SwiftfulCrypto" */;
			compatibilityVersion = "Xcode 14.0";
			developmentRegion = en;
			hasScannedForEncodings = 0;
			knownRegions = (
				en,
				Base,
			);
			mainGroup = 63EDCD6D2ABAC5FD007F0DDA;
			productRefGroup = 63EDCD772ABAC5FD007F0DDA /* Products */;
			projectDirPath = "";
			projectRoot = "";
			targets = (
				63EDCD752ABAC5FD007F0DDA /* SwiftfulCrypto */,
			);
		};
/* End PBXProject section */

/* Begin PBXResourcesBuildPhase section */
		63EDCD742ABAC5FD007F0DDA /* Resources */ = {
			isa = PBXResourcesBuildPhase;
			buildActionMask = 2147483647;
			files = (
				63EDCD812ABAC5FE007F0DDA /* Preview Assets.xcassets in Resources */,
				63EDCD882ABAC740007F0DDA /* Assets.xcassets in Resources */,
			);
			runOnlyForDeploymentPostprocessing = 0;
		};
/* End PBXResourcesBuildPhase section */

/* Begin PBXSourcesBuildPhase section */
		63EDCD722ABAC5FD007F0DDA /* Sources */ = {
			isa = PBXSourcesBuildPhase;
			buildActionMask = 2147483647;
			files = (
				636967582ABAF4BE0093A16D /* CoinRowView.swift in Sources */,
				636967602ABB0B300093A16D /* HomeViewModel.swift in Sources */,
				63EDCD7C2ABAC5FD007F0DDA /* ContentView.swift in Sources */,
				63EDCD912ABACAEB007F0DDA /* HomeView.swift in Sources */,
				63EDCD7A2ABAC5FD007F0DDA /* SwiftfulCryptoApp.swift in Sources */,
				63EDCD952ABACCB4007F0DDA /* CircleButtonView.swift in Sources */,
				63EDCD8B2ABAC7AE007F0DDA /* Color.swift in Sources */,
				63EDCD972ABAD87D007F0DDA /* CircleButtonAnimationView.swift in Sources */,
				6369675A2ABAF5510093A16D /* PreviewProvider.swift in Sources */,
				6369675E2ABAFE3B0093A16D /* Double.swift in Sources */,
				63EDCD9A2ABADCE0007F0DDA /* CoinModel.swift in Sources */,
			);
			runOnlyForDeploymentPostprocessing = 0;
		};
/* End PBXSourcesBuildPhase section */

/* Begin XCBuildConfiguration section */
		63EDCD822ABAC5FE007F0DDA /* Debug */ = {
			isa = XCBuildConfiguration;
			buildSettings = {
				ALWAYS_SEARCH_USER_PATHS = NO;
				ASSETCATALOG_COMPILER_GENERATE_SWIFT_ASSET_SYMBOL_EXTENSIONS = YES;
				CLANG_ANALYZER_NONNULL = YES;
				CLANG_ANALYZER_NUMBER_OBJECT_CONVERSION = YES_AGGRESSIVE;
				CLANG_CXX_LANGUAGE_STANDARD = "gnu++20";
				CLANG_ENABLE_MODULES = YES;
				CLANG_ENABLE_OBJC_ARC = YES;
				CLANG_ENABLE_OBJC_WEAK = YES;
				CLANG_WARN_BLOCK_CAPTURE_AUTORELEASING = YES;
				CLANG_WARN_BOOL_CONVERSION = YES;
				CLANG_WARN_COMMA = YES;
				CLANG_WARN_CONSTANT_CONVERSION = YES;
				CLANG_WARN_DEPRECATED_OBJC_IMPLEMENTATIONS = YES;
				CLANG_WARN_DIRECT_OBJC_ISA_USAGE = YES_ERROR;
				CLANG_WARN_DOCUMENTATION_COMMENTS = YES;
				CLANG_WARN_EMPTY_BODY = YES;
				CLANG_WARN_ENUM_CONVERSION = YES;
				CLANG_WARN_INFINITE_RECURSION = YES;
				CLANG_WARN_INT_CONVERSION = YES;
				CLANG_WARN_NON_LITERAL_NULL_CONVERSION = YES;
				CLANG_WARN_OBJC_IMPLICIT_RETAIN_SELF = YES;
				CLANG_WARN_OBJC_LITERAL_CONVERSION = YES;
				CLANG_WARN_OBJC_ROOT_CLASS = YES_ERROR;
				CLANG_WARN_QUOTED_INCLUDE_IN_FRAMEWORK_HEADER = YES;
				CLANG_WARN_RANGE_LOOP_ANALYSIS = YES;
				CLANG_WARN_STRICT_PROTOTYPES = YES;
				CLANG_WARN_SUSPICIOUS_MOVE = YES;
				CLANG_WARN_UNGUARDED_AVAILABILITY = YES_AGGRESSIVE;
				CLANG_WARN_UNREACHABLE_CODE = YES;
				CLANG_WARN__DUPLICATE_METHOD_MATCH = YES;
				COPY_PHASE_STRIP = NO;
				DEBUG_INFORMATION_FORMAT = dwarf;
				ENABLE_STRICT_OBJC_MSGSEND = YES;
				ENABLE_TESTABILITY = YES;
				ENABLE_USER_SCRIPT_SANDBOXING = YES;
				GCC_C_LANGUAGE_STANDARD = gnu17;
				GCC_DYNAMIC_NO_PIC = NO;
				GCC_NO_COMMON_BLOCKS = YES;
				GCC_OPTIMIZATION_LEVEL = 0;
				GCC_PREPROCESSOR_DEFINITIONS = (
					"DEBUG=1",
					"$(inherited)",
				);
				GCC_WARN_64_TO_32_BIT_CONVERSION = YES;
				GCC_WARN_ABOUT_RETURN_TYPE = YES_ERROR;
				GCC_WARN_UNDECLARED_SELECTOR = YES;
				GCC_WARN_UNINITIALIZED_AUTOS = YES_AGGRESSIVE;
				GCC_WARN_UNUSED_FUNCTION = YES;
				GCC_WARN_UNUSED_VARIABLE = YES;
				IPHONEOS_DEPLOYMENT_TARGET = 17.0;
				LOCALIZATION_PREFERS_STRING_CATALOGS = YES;
				MTL_ENABLE_DEBUG_INFO = INCLUDE_SOURCE;
				MTL_FAST_MATH = YES;
				ONLY_ACTIVE_ARCH = YES;
				SDKROOT = iphoneos;
				SWIFT_ACTIVE_COMPILATION_CONDITIONS = "DEBUG $(inherited)";
				SWIFT_OPTIMIZATION_LEVEL = "-Onone";
			};
			name = Debug;
		};
		63EDCD832ABAC5FE007F0DDA /* Release */ = {
			isa = XCBuildConfiguration;
			buildSettings = {
				ALWAYS_SEARCH_USER_PATHS = NO;
				ASSETCATALOG_COMPILER_GENERATE_SWIFT_ASSET_SYMBOL_EXTENSIONS = YES;
				CLANG_ANALYZER_NONNULL = YES;
				CLANG_ANALYZER_NUMBER_OBJECT_CONVERSION = YES_AGGRESSIVE;
				CLANG_CXX_LANGUAGE_STANDARD = "gnu++20";
				CLANG_ENABLE_MODULES = YES;
				CLANG_ENABLE_OBJC_ARC = YES;
				CLANG_ENABLE_OBJC_WEAK = YES;
				CLANG_WARN_BLOCK_CAPTURE_AUTORELEASING = YES;
				CLANG_WARN_BOOL_CONVERSION = YES;
				CLANG_WARN_COMMA = YES;
				CLANG_WARN_CONSTANT_CONVERSION = YES;
				CLANG_WARN_DEPRECATED_OBJC_IMPLEMENTATIONS = YES;
				CLANG_WARN_DIRECT_OBJC_ISA_USAGE = YES_ERROR;
				CLANG_WARN_DOCUMENTATION_COMMENTS = YES;
				CLANG_WARN_EMPTY_BODY = YES;
				CLANG_WARN_ENUM_CONVERSION = YES;
				CLANG_WARN_INFINITE_RECURSION = YES;
				CLANG_WARN_INT_CONVERSION = YES;
				CLANG_WARN_NON_LITERAL_NULL_CONVERSION = YES;
				CLANG_WARN_OBJC_IMPLICIT_RETAIN_SELF = YES;
				CLANG_WARN_OBJC_LITERAL_CONVERSION = YES;
				CLANG_WARN_OBJC_ROOT_CLASS = YES_ERROR;
				CLANG_WARN_QUOTED_INCLUDE_IN_FRAMEWORK_HEADER = YES;
				CLANG_WARN_RANGE_LOOP_ANALYSIS = YES;
				CLANG_WARN_STRICT_PROTOTYPES = YES;
				CLANG_WARN_SUSPICIOUS_MOVE = YES;
				CLANG_WARN_UNGUARDED_AVAILABILITY = YES_AGGRESSIVE;
				CLANG_WARN_UNREACHABLE_CODE = YES;
				CLANG_WARN__DUPLICATE_METHOD_MATCH = YES;
				COPY_PHASE_STRIP = NO;
				DEBUG_INFORMATION_FORMAT = "dwarf-with-dsym";
				ENABLE_NS_ASSERTIONS = NO;
				ENABLE_STRICT_OBJC_MSGSEND = YES;
				ENABLE_USER_SCRIPT_SANDBOXING = YES;
				GCC_C_LANGUAGE_STANDARD = gnu17;
				GCC_NO_COMMON_BLOCKS = YES;
				GCC_WARN_64_TO_32_BIT_CONVERSION = YES;
				GCC_WARN_ABOUT_RETURN_TYPE = YES_ERROR;
				GCC_WARN_UNDECLARED_SELECTOR = YES;
				GCC_WARN_UNINITIALIZED_AUTOS = YES_AGGRESSIVE;
				GCC_WARN_UNUSED_FUNCTION = YES;
				GCC_WARN_UNUSED_VARIABLE = YES;
				IPHONEOS_DEPLOYMENT_TARGET = 17.0;
				LOCALIZATION_PREFERS_STRING_CATALOGS = YES;
				MTL_ENABLE_DEBUG_INFO = NO;
				MTL_FAST_MATH = YES;
				SDKROOT = iphoneos;
				SWIFT_COMPILATION_MODE = wholemodule;
				VALIDATE_PRODUCT = YES;
			};
			name = Release;
		};
		63EDCD852ABAC5FE007F0DDA /* Debug */ = {
			isa = XCBuildConfiguration;
			buildSettings = {
				ASSETCATALOG_COMPILER_APPICON_NAME = AppIcon;
				ASSETCATALOG_COMPILER_GLOBAL_ACCENT_COLOR_NAME = AccentColor;
				CODE_SIGN_STYLE = Automatic;
				CURRENT_PROJECT_VERSION = 1;
				DEVELOPMENT_ASSET_PATHS = "\"SwiftfulCrypto/Preview Content\"";
				DEVELOPMENT_TEAM = TUZ25BSX64;
				ENABLE_PREVIEWS = YES;
				GENERATE_INFOPLIST_FILE = YES;
				INFOPLIST_KEY_LSApplicationCategoryType = "public.app-category.finance";
				INFOPLIST_KEY_UIApplicationSceneManifest_Generation = YES;
				INFOPLIST_KEY_UIApplicationSupportsIndirectInputEvents = YES;
				INFOPLIST_KEY_UILaunchScreen_Generation = YES;
				INFOPLIST_KEY_UISupportedInterfaceOrientations = UIInterfaceOrientationPortrait;
				INFOPLIST_KEY_UISupportedInterfaceOrientations_iPad = "UIInterfaceOrientationLandscapeLeft UIInterfaceOrientationLandscapeRight UIInterfaceOrientationPortrait UIInterfaceOrientationPortraitUpsideDown";
				LD_RUNPATH_SEARCH_PATHS = (
					"$(inherited)",
					"@executable_path/Frameworks",
				);
				MARKETING_VERSION = 1.0;
				PRODUCT_BUNDLE_IDENTIFIER = com.yoliephan.SwiftfulCrypto;
				PRODUCT_NAME = "$(TARGET_NAME)";
				SWIFT_EMIT_LOC_STRINGS = YES;
				SWIFT_VERSION = 5.0;
				TARGETED_DEVICE_FAMILY = "1,2";
			};
			name = Debug;
		};
		63EDCD862ABAC5FE007F0DDA /* Release */ = {
			isa = XCBuildConfiguration;
			buildSettings = {
				ASSETCATALOG_COMPILER_APPICON_NAME = AppIcon;
				ASSETCATALOG_COMPILER_GLOBAL_ACCENT_COLOR_NAME = AccentColor;
				CODE_SIGN_STYLE = Automatic;
				CURRENT_PROJECT_VERSION = 1;
				DEVELOPMENT_ASSET_PATHS = "\"SwiftfulCrypto/Preview Content\"";
				DEVELOPMENT_TEAM = TUZ25BSX64;
				ENABLE_PREVIEWS = YES;
				GENERATE_INFOPLIST_FILE = YES;
				INFOPLIST_KEY_LSApplicationCategoryType = "public.app-category.finance";
				INFOPLIST_KEY_UIApplicationSceneManifest_Generation = YES;
				INFOPLIST_KEY_UIApplicationSupportsIndirectInputEvents = YES;
				INFOPLIST_KEY_UILaunchScreen_Generation = YES;
				INFOPLIST_KEY_UISupportedInterfaceOrientations = UIInterfaceOrientationPortrait;
				INFOPLIST_KEY_UISupportedInterfaceOrientations_iPad = "UIInterfaceOrientationLandscapeLeft UIInterfaceOrientationLandscapeRight UIInterfaceOrientationPortrait UIInterfaceOrientationPortraitUpsideDown";
				LD_RUNPATH_SEARCH_PATHS = (
					"$(inherited)",
					"@executable_path/Frameworks",
				);
				MARKETING_VERSION = 1.0;
				PRODUCT_BUNDLE_IDENTIFIER = com.yoliephan.SwiftfulCrypto;
				PRODUCT_NAME = "$(TARGET_NAME)";
				SWIFT_EMIT_LOC_STRINGS = YES;
				SWIFT_VERSION = 5.0;
				TARGETED_DEVICE_FAMILY = "1,2";
			};
			name = Release;
		};
/* End XCBuildConfiguration section */

/* Begin XCConfigurationList section */
		63EDCD712ABAC5FD007F0DDA /* Build configuration list for PBXProject "SwiftfulCrypto" */ = {
			isa = XCConfigurationList;
			buildConfigurations = (
				63EDCD822ABAC5FE007F0DDA /* Debug */,
				63EDCD832ABAC5FE007F0DDA /* Release */,
			);
			defaultConfigurationIsVisible = 0;
			defaultConfigurationName = Release;
		};
		63EDCD842ABAC5FE007F0DDA /* Build configuration list for PBXNativeTarget "SwiftfulCrypto" */ = {
			isa = XCConfigurationList;
			buildConfigurations = (
				63EDCD852ABAC5FE007F0DDA /* Debug */,
				63EDCD862ABAC5FE007F0DDA /* Release */,
			);
			defaultConfigurationIsVisible = 0;
			defaultConfigurationName = Release;
		};
/* End XCConfigurationList section */
	};
	rootObject = 63EDCD6E2ABAC5FD007F0DDA /* Project object */;
}
